
Microsoft Visual Studio Solution File, Format Version 12.00
# Visual Studio Version 17
VisualStudioVersion = 17.0.31903.59
MinimumVisualStudioVersion = 10.0.40219.1
Project("{FAE04EC0-301F-11D3-BF4B-00C04F79EFBC}") = "MaktabTeamWork", "MaktabTeamWork\MaktabTeamWork.csproj", "{459F661B-3893-44EA-A7BE-5902A8486CD4}"
EndProject
Global
	GlobalSection(SolutionConfigurationPlatforms) = preSolution
		Debug|Any CPU = Debug|Any CPU
		Release|Any CPU = Release|Any CPU
	EndGlobalSection
	GlobalSection(ProjectConfigurationPlatforms) = postSolution
		{459F661B-3893-44EA-A7BE-5902A8486CD4}.Debug|Any CPU.ActiveCfg = Debug|Any CPU
		{459F661B-3893-44EA-A7BE-5902A8486CD4}.Debug|Any CPU.Build.0 = Debug|Any CPU
		{459F661B-3893-44EA-A7BE-5902A8486CD4}.Release|Any CPU.ActiveCfg = Release|Any CPU
		{459F661B-3893-44EA-A7BE-5902A8486CD4}.Release|Any CPU.Build.0 = Release|Any CPU
	EndGlobalSection
	GlobalSection(SolutionProperties) = preSolution
		HideSolutionNode = FALSE
	EndGlobalSection
	GlobalSection(ExtensibilityGlobals) = postSolution
		SolutionGuid = {84B2BA3F-176C-43C2-B663-FF7478386B8D}
	EndGlobalSection
EndGlobal
